# generated by rye
# use `rye lock` or `rye sync` to update this lockfile
#
# last locked with the following flags:
#   pre: false
#   features: []
#   all-features: false
#   with-sources: false

appnope==0.1.4
    # via ipykernel
asttokens==2.4.1
    # via stack-data
comm==0.2.2
    # via ipykernel
contourpy==1.2.1
    # via matplotlib
cycler==0.12.1
    # via matplotlib
debugpy==1.8.1
    # via ipykernel
decorator==5.1.1
    # via ipython
executing==2.0.1
    # via stack-data
fonttools==4.51.0
    # via matplotlib
ipykernel==6.29.4
ipython==8.24.0
    # via ipykernel
jax==0.4.28
jaxlib==0.4.28
    # via jax
jedi==0.19.1
    # via ipython
jupyter-client==8.6.2
    # via ipykernel
jupyter-core==5.7.2
    # via ipykernel
    # via jupyter-client
kiwisolver==1.4.5
    # via matplotlib
matplotlib==3.9.0
matplotlib-inline==0.1.7
    # via ipykernel
    # via ipython
ml-dtypes==0.4.0
    # via jax
    # via jaxlib
nest-asyncio==1.6.0
    # via ipykernel
numpy==1.26.4
    # via contourpy
    # via jax
    # via jaxlib
    # via matplotlib
    # via ml-dtypes
    # via opt-einsum
    # via scipy
opt-einsum==3.3.0
    # via jax
packaging==24.0
    # via ipykernel
    # via matplotlib
parso==0.8.4
    # via jedi
pexpect==4.9.0
    # via ipython
pillow==10.3.0
    # via matplotlib
platformdirs==4.2.2
    # via jupyter-core
prompt-toolkit==3.0.43
    # via ipython
psutil==5.9.8
    # via ipykernel
ptyprocess==0.7.0
    # via pexpect
pure-eval==0.2.2
    # via stack-data
pygments==2.18.0
    # via ipython
pyparsing==3.1.2
    # via matplotlib
python-dateutil==2.9.0.post0
    # via jupyter-client
    # via matplotlib
pyzmq==26.0.3
    # via ipykernel
    # via jupyter-client
scipy==1.13.0
    # via jax
    # via jaxlib
six==1.16.0
    # via asttokens
    # via python-dateutil
stack-data==0.6.3
    # via ipython
tornado==6.4
    # via ipykernel
    # via jupyter-client
traitlets==5.14.3
    # via comm
    # via ipykernel
    # via ipython
    # via jupyter-client
    # via jupyter-core
    # via matplotlib-inline
wcwidth==0.2.13
    # via prompt-toolkit
